
Microsoft Visual Studio Solution File, Format Version 12.00
# Visual Studio Version 17
VisualStudioVersion = 17.1.32228.430
MinimumVisualStudioVersion = 10.0.40219.1
Project("{FAE04EC0-301F-11D3-BF4B-00C04F79EFBC}") = "CustomException", "CustomException.csproj", "{DF87E961-6C36-4D2A-94CA-9C8A7771D124}"
EndProject
Project("{FAE04EC0-301F-11D3-BF4B-00C04F79EFBC}") = "ExceptionClass", "..\ExceptionClass\ExceptionClass.csproj", "{AFB4F4EC-E192-496C-BA46-4382EC846E80}"
EndProject
Global
	GlobalSection(SolutionConfigurationPlatforms) = preSolution
		Debug|Any CPU = Debug|Any CPU
		Release|Any CPU = Release|Any CPU
	EndGlobalSection
	GlobalSection(ProjectConfigurationPlatforms) = postSolution
		{DF87E961-6C36-4D2A-94CA-9C8A7771D124}.Debug|Any CPU.ActiveCfg = Debug|Any CPU
		{DF87E961-6C36-4D2A-94CA-9C8A7771D124}.Debug|Any CPU.Build.0 = Debug|Any CPU
		{DF87E961-6C36-4D2A-94CA-9C8A7771D124}.Release|Any CPU.ActiveCfg = Release|Any CPU
		{DF87E961-6C36-4D2A-94CA-9C8A7771D124}.Release|Any CPU.Build.0 = Release|Any CPU
		{AFB4F4EC-E192-496C-BA46-4382EC846E80}.Debug|Any CPU.ActiveCfg = Debug|Any CPU
		{AFB4F4EC-E192-496C-BA46-4382EC846E80}.Debug|Any CPU.Build.0 = Debug|Any CPU
		{AFB4F4EC-E192-496C-BA46-4382EC846E80}.Release|Any CPU.ActiveCfg = Release|Any CPU
		{AFB4F4EC-E192-496C-BA46-4382EC846E80}.Release|Any CPU.Build.0 = Release|Any CPU
	EndGlobalSection
	GlobalSection(SolutionProperties) = preSolution
		HideSolutionNode = FALSE
	EndGlobalSection
	GlobalSection(ExtensibilityGlobals) = postSolution
		SolutionGuid = {C6FB3E69-940C-4391-B413-3E253ADB55BA}
	EndGlobalSection
EndGlobal
